Microsoft Visual Studio Solution File, Format Version 11.00
# Visual Studio 2008

Project("{D897FB80-5157-475A-A673-B0F824F01A51}") = "FRANKENSTEIN-UNITYPROJECT", "Assembly-CSharp-firstpass.csproj", "{7E761303-7BC8-477B-E722-F730249D436F}"
EndProject
Project("{D897FB80-5157-475A-A673-B0F824F01A51}") = "FRANKENSTEIN-UNITYPROJECT", "Assembly-CSharp.csproj", "{6BC6E7BA-1F09-4460-9145-112127E6FE56}"
EndProject
Project("{D897FB80-5157-475A-A673-B0F824F01A51}") = "FRANKENSTEIN-UNITYPROJECT", "Assembly-CSharp-Editor-firstpass.csproj", "{B9EEDE4C-FD21-846F-F1D2-96C424A5B9D6}"
EndProject
Project("{D897FB80-5157-475A-A673-B0F824F01A51}") = "FRANKENSTEIN-UNITYPROJECT", "Assembly-CSharp-Editor.csproj", "{84DF99D5-D1E5-3ED9-3F45-FA849ACE4941}"
EndProject
Global
	GlobalSection(SolutionConfigurationPlatforms) = preSolution
		Debug|Any CPU = Debug|Any CPU
		Release|Any CPU = Release|Any CPU
	EndGlobalSection
	GlobalSection(ProjectConfigurationPlatforms) = postSolution
		{7E761303-7BC8-477B-E722-F730249D436F}.Debug|Any CPU.ActiveCfg = Debug|Any CPU
		{7E761303-7BC8-477B-E722-F730249D436F}.Debug|Any CPU.Build.0 = Debug|Any CPU
		{7E761303-7BC8-477B-E722-F730249D436F}.Release|Any CPU.ActiveCfg = Release|Any CPU
		{7E761303-7BC8-477B-E722-F730249D436F}.Release|Any CPU.Build.0 = Release|Any CPU
		{6BC6E7BA-1F09-4460-9145-112127E6FE56}.Debug|Any CPU.ActiveCfg = Debug|Any CPU
		{6BC6E7BA-1F09-4460-9145-112127E6FE56}.Debug|Any CPU.Build.0 = Debug|Any CPU
		{6BC6E7BA-1F09-4460-9145-112127E6FE56}.Release|Any CPU.ActiveCfg = Release|Any CPU
		{6BC6E7BA-1F09-4460-9145-112127E6FE56}.Release|Any CPU.Build.0 = Release|Any CPU
		{B9EEDE4C-FD21-846F-F1D2-96C424A5B9D6}.Debug|Any CPU.ActiveCfg = Debug|Any CPU
		{B9EEDE4C-FD21-846F-F1D2-96C424A5B9D6}.Debug|Any CPU.Build.0 = Debug|Any CPU
		{B9EEDE4C-FD21-846F-F1D2-96C424A5B9D6}.Release|Any CPU.ActiveCfg = Release|Any CPU
		{B9EEDE4C-FD21-846F-F1D2-96C424A5B9D6}.Release|Any CPU.Build.0 = Release|Any CPU
		{84DF99D5-D1E5-3ED9-3F45-FA849ACE4941}.Debug|Any CPU.ActiveCfg = Debug|Any CPU
		{84DF99D5-D1E5-3ED9-3F45-FA849ACE4941}.Debug|Any CPU.Build.0 = Debug|Any CPU
		{84DF99D5-D1E5-3ED9-3F45-FA849ACE4941}.Release|Any CPU.ActiveCfg = Release|Any CPU
		{84DF99D5-D1E5-3ED9-3F45-FA849ACE4941}.Release|Any CPU.Build.0 = Release|Any CPU
	EndGlobalSection
	GlobalSection(SolutionProperties) = preSolution
		HideSolutionNode = FALSE
	EndGlobalSection
																																																																																																																																																																																																																																																																																																																																																																																																																																																																																																																																																																																																																																																	GlobalSection(MonoDevelopProperties) = preSolution
		StartupItem = Assembly-CSharp.csproj
		Policies = $0
		$0.TextStylePolicy = $1
		$1.inheritsSet = null
		$1.scope = text/x-csharp
		$0.CSharpFormattingPolicy = $2
		$2.inheritsSet = Mono
		$2.inheritsScope = text/x-csharp
		$2.scope = text/x-csharp
		$0.TextStylePolicy = $3
		$3.FileWidth = 120
		$3.TabWidth = 4
		$3.IndentWidth = 4
		$3.EolMarker = Unix
		$3.inheritsSet = Mono
		$3.inheritsScope = text/plain
		$3.scope = text/plain
	EndGlobalSection

EndGlobal
